
Microsoft Visual Studio Solution File, Format Version 12.00
# Visual Studio Version 17
VisualStudioVersion = 17.6.33815.320
MinimumVisualStudioVersion = 10.0.40219.1
Project("{9A19103F-16F7-4668-BE54-9A1E7A4F7556}") = "CinemaApp", "CinemaApp\CinemaApp.csproj", "{6029B222-A36E-4FDF-A8D3-93081BCD44E5}"
EndProject
Project("{FAE04EC0-301F-11D3-BF4B-00C04F79EFBC}") = "Shop.Domain", "Shop.Domain\Shop.Domain.csproj", "{065FB758-64E3-44BA-8146-9164569BD184}"
EndProject
Project("{FAE04EC0-301F-11D3-BF4B-00C04F79EFBC}") = "Shop.Repository", "Shop.Repository\Shop.Repository.csproj", "{C70ADADF-F59E-4895-8C33-BFAC32E68DCE}"
EndProject
Project("{FAE04EC0-301F-11D3-BF4B-00C04F79EFBC}") = "Shop.Services", "Shop.Services\Shop.Services.csproj", "{38C987EC-7B5B-49B7-9370-E1741D9C4C53}"
EndProject
Global
	GlobalSection(SolutionConfigurationPlatforms) = preSolution
		Debug|Any CPU = Debug|Any CPU
		Release|Any CPU = Release|Any CPU
	EndGlobalSection
	GlobalSection(ProjectConfigurationPlatforms) = postSolution
		{6029B222-A36E-4FDF-A8D3-93081BCD44E5}.Debug|Any CPU.ActiveCfg = Debug|Any CPU
		{6029B222-A36E-4FDF-A8D3-93081BCD44E5}.Debug|Any CPU.Build.0 = Debug|Any CPU
		{6029B222-A36E-4FDF-A8D3-93081BCD44E5}.Release|Any CPU.ActiveCfg = Release|Any CPU
		{6029B222-A36E-4FDF-A8D3-93081BCD44E5}.Release|Any CPU.Build.0 = Release|Any CPU
		{065FB758-64E3-44BA-8146-9164569BD184}.Debug|Any CPU.ActiveCfg = Debug|Any CPU
		{065FB758-64E3-44BA-8146-9164569BD184}.Debug|Any CPU.Build.0 = Debug|Any CPU
		{065FB758-64E3-44BA-8146-9164569BD184}.Release|Any CPU.ActiveCfg = Release|Any CPU
		{065FB758-64E3-44BA-8146-9164569BD184}.Release|Any CPU.Build.0 = Release|Any CPU
		{C70ADADF-F59E-4895-8C33-BFAC32E68DCE}.Debug|Any CPU.ActiveCfg = Debug|Any CPU
		{C70ADADF-F59E-4895-8C33-BFAC32E68DCE}.Debug|Any CPU.Build.0 = Debug|Any CPU
		{C70ADADF-F59E-4895-8C33-BFAC32E68DCE}.Release|Any CPU.ActiveCfg = Release|Any CPU
		{C70ADADF-F59E-4895-8C33-BFAC32E68DCE}.Release|Any CPU.Build.0 = Release|Any CPU
		{38C987EC-7B5B-49B7-9370-E1741D9C4C53}.Debug|Any CPU.ActiveCfg = Debug|Any CPU
		{38C987EC-7B5B-49B7-9370-E1741D9C4C53}.Debug|Any CPU.Build.0 = Debug|Any CPU
		{38C987EC-7B5B-49B7-9370-E1741D9C4C53}.Release|Any CPU.ActiveCfg = Release|Any CPU
		{38C987EC-7B5B-49B7-9370-E1741D9C4C53}.Release|Any CPU.Build.0 = Release|Any CPU
	EndGlobalSection
	GlobalSection(SolutionProperties) = preSolution
		HideSolutionNode = FALSE
	EndGlobalSection
	GlobalSection(ExtensibilityGlobals) = postSolution
		SolutionGuid = {553A52D9-3E8F-4294-8705-1D6EF275CF1A}
	EndGlobalSection
EndGlobal
